
Microsoft Visual Studio Solution File, Format Version 12.00
# Visual Studio Version 17
VisualStudioVersion = 17.6.33801.468
MinimumVisualStudioVersion = 10.0.40219.1
Project("{9A19103F-16F7-4668-BE54-9A1E7A4F7556}") = "ComSim", "ComSim\ComSim.csproj", "{C1AE6303-7818-444E-B88A-EA9AC1398329}"
	ProjectSection(ProjectDependencies) = postProject
		{39C7B168-5185-4DE9-83F6-B8F08C24EAF6} = {39C7B168-5185-4DE9-83F6-B8F08C24EAF6}
		{5D28DF68-1BF1-412A-901B-0370D88F59A1} = {5D28DF68-1BF1-412A-901B-0370D88F59A1}
		{665C3275-0870-44D6-ADFD-60CFC928C400} = {665C3275-0870-44D6-ADFD-60CFC928C400}
		{846D2478-D42F-487E-AA72-7F0A22DDA895} = {846D2478-D42F-487E-AA72-7F0A22DDA895}
		{30AAC2B4-B981-46D6-BE75-3FD454C5266D} = {30AAC2B4-B981-46D6-BE75-3FD454C5266D}
	EndProjectSection
EndProject
Project("{2150E333-8FDC-42A3-9474-1A3956D46DE8}") = "Examples", "Examples", "{8506E457-8DBA-4CBE-9075-1C5BBFE82306}"
	ProjectSection(SolutionItems) = preProject
		Examples\BreakingPoint.xml = Examples\BreakingPoint.xml
		Examples\ContentType.xml = Examples\ContentType.xml
		Examples\Distributions.xml = Examples\Distributions.xml
		Examples\EventXmlToHtml.xslt = Examples\EventXmlToHtml.xslt
		Examples\Federation.xml = Examples\Federation.xml
		Examples\GuessANumber.xml = Examples\GuessANumber.xml
		Examples\HighLoad.xml = Examples\HighLoad.xml
		Examples\LegalIdentities.xml = Examples\LegalIdentities.xml
		Examples\ModBusDeviceControl.xml = Examples\ModBusDeviceControl.xml
		Examples\mq-dev-config.mqsc = Examples\mq-dev-config.mqsc
		Examples\Performance.ws = Examples\Performance.ws
		Examples\ProtocolPerformance.ws = Examples\ProtocolPerformance.ws
		Examples\Protocols.xml = Examples\Protocols.xml
		Examples\RequestResponse.xml = Examples\RequestResponse.xml
		Examples\ServerPerformance.xml = Examples\ServerPerformance.xml
		Examples\SimpleChatMessages.xml = Examples\SimpleChatMessages.xml
		Examples\SnifferXmlToHtml.xslt = Examples\SnifferXmlToHtml.xslt
		Examples\XmlMessages.xml = Examples\XmlMessages.xml
		Examples\XmlMessages.xsd = Examples\XmlMessages.xsd
		Examples\XmppDeviceControl.xml = Examples\XmppDeviceControl.xml
	EndProjectSection
EndProject
Project("{2150E333-8FDC-42A3-9474-1A3956D46DE8}") = "Solution Items", "Solution Items", "{E852FEDB-C91F-4124-A25F-9526AB4F668C}"
	ProjectSection(SolutionItems) = preProject
		README.md = README.md
		RunAllSimulations.bat = RunAllSimulations.bat
		RunSimulation.bat = RunSimulation.bat
		TODO.md = TODO.md
	EndProjectSection
EndProject
Project("{9A19103F-16F7-4668-BE54-9A1E7A4F7556}") = "TAG.Simulator", "TAG.Simulator\TAG.Simulator.csproj", "{EF3340BD-AE1D-4C7E-B531-D2B8D73E838F}"
EndProject
Project("{9A19103F-16F7-4668-BE54-9A1E7A4F7556}") = "TAG.Simulator.XMPP", "TAG.Simulator.XMPP\TAG.Simulator.XMPP.csproj", "{665C3275-0870-44D6-ADFD-60CFC928C400}"
EndProject
Project("{9A19103F-16F7-4668-BE54-9A1E7A4F7556}") = "TAG.Simulator.XMLDSIG", "TAG.Simulator.XMLDSIG\TAG.Simulator.XMLDSIG.csproj", "{846D2478-D42F-487E-AA72-7F0A22DDA895}"
EndProject
Project("{9A19103F-16F7-4668-BE54-9A1E7A4F7556}") = "TAG.Simulator.Performance", "TAG.Simulator.Performance\TAG.Simulator.Performance.csproj", "{39C7B168-5185-4DE9-83F6-B8F08C24EAF6}"
EndProject
Project("{9A19103F-16F7-4668-BE54-9A1E7A4F7556}") = "TAG.Simulator.MQTT", "TAG.Simulator.MQTT\TAG.Simulator.MQTT.csproj", "{5D28DF68-1BF1-412A-901B-0370D88F59A1}"
EndProject
Project("{9A19103F-16F7-4668-BE54-9A1E7A4F7556}") = "TAG.Simulator.MQ", "TAG.Simulator.MQ\TAG.Simulator.MQ.csproj", "{30AAC2B4-B981-46D6-BE75-3FD454C5266D}"
EndProject
Project("{9A19103F-16F7-4668-BE54-9A1E7A4F7556}") = "TAG.Simulator.MQ.Test", "TAG.Simulator.MQ.Test\TAG.Simulator.MQ.Test.csproj", "{EA5F1169-5681-4E37-BBE2-94131939E206}"
EndProject
Project("{9A19103F-16F7-4668-BE54-9A1E7A4F7556}") = "TAG.Simulator.XMPP.IoT", "TAG.Simulator.XMPP.IoT\TAG.Simulator.XMPP.IoT.csproj", "{83318439-E397-4465-B5D4-6C66B10B3699}"
EndProject
Project("{9A19103F-16F7-4668-BE54-9A1E7A4F7556}") = "TAG.Simulator.XMPP.Legal", "TAG.Simulator.XMPP.Legal\TAG.Simulator.XMPP.Legal.csproj", "{8270BEF7-CA9C-4D37-AA40-EA0B6BEA7483}"
EndProject
Project("{FAE04EC0-301F-11D3-BF4B-00C04F79EFBC}") = "TAG.Simulator.ModBus", "TAG.Simulator.ModBus\TAG.Simulator.ModBus.csproj", "{ECC8A625-F68F-4392-B48A-735920F9AABE}"
EndProject
Global
	GlobalSection(SolutionConfigurationPlatforms) = preSolution
		Debug|Any CPU = Debug|Any CPU
		Release|Any CPU = Release|Any CPU
	EndGlobalSection
	GlobalSection(ProjectConfigurationPlatforms) = postSolution
		{C1AE6303-7818-444E-B88A-EA9AC1398329}.Debug|Any CPU.ActiveCfg = Debug|Any CPU
		{C1AE6303-7818-444E-B88A-EA9AC1398329}.Debug|Any CPU.Build.0 = Debug|Any CPU
		{C1AE6303-7818-444E-B88A-EA9AC1398329}.Release|Any CPU.ActiveCfg = Release|Any CPU
		{C1AE6303-7818-444E-B88A-EA9AC1398329}.Release|Any CPU.Build.0 = Release|Any CPU
		{EF3340BD-AE1D-4C7E-B531-D2B8D73E838F}.Debug|Any CPU.ActiveCfg = Debug|Any CPU
		{EF3340BD-AE1D-4C7E-B531-D2B8D73E838F}.Debug|Any CPU.Build.0 = Debug|Any CPU
		{EF3340BD-AE1D-4C7E-B531-D2B8D73E838F}.Release|Any CPU.ActiveCfg = Release|Any CPU
		{EF3340BD-AE1D-4C7E-B531-D2B8D73E838F}.Release|Any CPU.Build.0 = Release|Any CPU
		{665C3275-0870-44D6-ADFD-60CFC928C400}.Debug|Any CPU.ActiveCfg = Debug|Any CPU
		{665C3275-0870-44D6-ADFD-60CFC928C400}.Debug|Any CPU.Build.0 = Debug|Any CPU
		{665C3275-0870-44D6-ADFD-60CFC928C400}.Release|Any CPU.ActiveCfg = Release|Any CPU
		{665C3275-0870-44D6-ADFD-60CFC928C400}.Release|Any CPU.Build.0 = Release|Any CPU
		{846D2478-D42F-487E-AA72-7F0A22DDA895}.Debug|Any CPU.ActiveCfg = Debug|Any CPU
		{846D2478-D42F-487E-AA72-7F0A22DDA895}.Debug|Any CPU.Build.0 = Debug|Any CPU
		{846D2478-D42F-487E-AA72-7F0A22DDA895}.Release|Any CPU.ActiveCfg = Release|Any CPU
		{846D2478-D42F-487E-AA72-7F0A22DDA895}.Release|Any CPU.Build.0 = Release|Any CPU
		{39C7B168-5185-4DE9-83F6-B8F08C24EAF6}.Debug|Any CPU.ActiveCfg = Debug|Any CPU
		{39C7B168-5185-4DE9-83F6-B8F08C24EAF6}.Debug|Any CPU.Build.0 = Debug|Any CPU
		{39C7B168-5185-4DE9-83F6-B8F08C24EAF6}.Release|Any CPU.ActiveCfg = Release|Any CPU
		{39C7B168-5185-4DE9-83F6-B8F08C24EAF6}.Release|Any CPU.Build.0 = Release|Any CPU
		{5D28DF68-1BF1-412A-901B-0370D88F59A1}.Debug|Any CPU.ActiveCfg = Debug|Any CPU
		{5D28DF68-1BF1-412A-901B-0370D88F59A1}.Debug|Any CPU.Build.0 = Debug|Any CPU
		{5D28DF68-1BF1-412A-901B-0370D88F59A1}.Release|Any CPU.ActiveCfg = Release|Any CPU
		{5D28DF68-1BF1-412A-901B-0370D88F59A1}.Release|Any CPU.Build.0 = Release|Any CPU
		{30AAC2B4-B981-46D6-BE75-3FD454C5266D}.Debug|Any CPU.ActiveCfg = Debug|Any CPU
		{30AAC2B4-B981-46D6-BE75-3FD454C5266D}.Debug|Any CPU.Build.0 = Debug|Any CPU
		{30AAC2B4-B981-46D6-BE75-3FD454C5266D}.Release|Any CPU.ActiveCfg = Release|Any CPU
		{30AAC2B4-B981-46D6-BE75-3FD454C5266D}.Release|Any CPU.Build.0 = Release|Any CPU
		{EA5F1169-5681-4E37-BBE2-94131939E206}.Debug|Any CPU.ActiveCfg = Debug|Any CPU
		{EA5F1169-5681-4E37-BBE2-94131939E206}.Debug|Any CPU.Build.0 = Debug|Any CPU
		{EA5F1169-5681-4E37-BBE2-94131939E206}.Release|Any CPU.ActiveCfg = Release|Any CPU
		{EA5F1169-5681-4E37-BBE2-94131939E206}.Release|Any CPU.Build.0 = Release|Any CPU
		{83318439-E397-4465-B5D4-6C66B10B3699}.Debug|Any CPU.ActiveCfg = Debug|Any CPU
		{83318439-E397-4465-B5D4-6C66B10B3699}.Debug|Any CPU.Build.0 = Debug|Any CPU
		{83318439-E397-4465-B5D4-6C66B10B3699}.Release|Any CPU.ActiveCfg = Release|Any CPU
		{83318439-E397-4465-B5D4-6C66B10B3699}.Release|Any CPU.Build.0 = Release|Any CPU
		{8270BEF7-CA9C-4D37-AA40-EA0B6BEA7483}.Debug|Any CPU.ActiveCfg = Debug|Any CPU
		{8270BEF7-CA9C-4D37-AA40-EA0B6BEA7483}.Debug|Any CPU.Build.0 = Debug|Any CPU
		{8270BEF7-CA9C-4D37-AA40-EA0B6BEA7483}.Release|Any CPU.ActiveCfg = Release|Any CPU
		{8270BEF7-CA9C-4D37-AA40-EA0B6BEA7483}.Release|Any CPU.Build.0 = Release|Any CPU
		{ECC8A625-F68F-4392-B48A-735920F9AABE}.Debug|Any CPU.ActiveCfg = Debug|Any CPU
		{ECC8A625-F68F-4392-B48A-735920F9AABE}.Debug|Any CPU.Build.0 = Debug|Any CPU
		{ECC8A625-F68F-4392-B48A-735920F9AABE}.Release|Any CPU.ActiveCfg = Release|Any CPU
		{ECC8A625-F68F-4392-B48A-735920F9AABE}.Release|Any CPU.Build.0 = Release|Any CPU
	EndGlobalSection
	GlobalSection(SolutionProperties) = preSolution
		HideSolutionNode = FALSE
	EndGlobalSection
	GlobalSection(ExtensibilityGlobals) = postSolution
		SolutionGuid = {5A35A2D2-CE06-458B-9E86-27E11CC8D6D9}
	EndGlobalSection
EndGlobal
